
Microsoft Visual Studio Solution File, Format Version 12.00
# Visual Studio 15
VisualStudioVersion = 15.0.27004.2005
MinimumVisualStudioVersion = 10.0.40219.1
Project("{FAE04EC0-301F-11D3-BF4B-00C04F79EFBC}") = "ShoppingCartProject", "ShoppingCartProject\ShoppingCartProject.csproj", "{0A94DBA1-56A0-4853-9F2E-0C07D5D6E721}"
EndProject
Global
	GlobalSection(SolutionConfigurationPlatforms) = preSolution
		Debug|Any CPU = Debug|Any CPU
		Release|Any CPU = Release|Any CPU
	EndGlobalSection
	GlobalSection(ProjectConfigurationPlatforms) = postSolution
		{0A94DBA1-56A0-4853-9F2E-0C07D5D6E721}.Debug|Any CPU.ActiveCfg = Debug|Any CPU
		{0A94DBA1-56A0-4853-9F2E-0C07D5D6E721}.Debug|Any CPU.Build.0 = Debug|Any CPU
		{0A94DBA1-56A0-4853-9F2E-0C07D5D6E721}.Release|Any CPU.ActiveCfg = Release|Any CPU
		{0A94DBA1-56A0-4853-9F2E-0C07D5D6E721}.Release|Any CPU.Build.0 = Release|Any CPU
	EndGlobalSection
	GlobalSection(SolutionProperties) = preSolution
		HideSolutionNode = FALSE
	EndGlobalSection
	GlobalSection(ExtensibilityGlobals) = postSolution
		SolutionGuid = {36FC46FE-43A1-4485-8275-CAC29BFA1D21}
	EndGlobalSection
EndGlobal
